
Microsoft Visual Studio Solution File, Format Version 12.00
# Visual Studio Version 17
VisualStudioVersion = 17.8.34511.84
MinimumVisualStudioVersion = 10.0.40219.1
Project("{FAE04EC0-301F-11D3-BF4B-00C04F79EFBC}") = "CalculateAbilityScore", "CalculateAbilityScore.csproj", "{3B844A51-D1C3-4674-A96C-49224FA0D45F}"
EndProject
Global
	GlobalSection(SolutionConfigurationPlatforms) = preSolution
		Debug|Any CPU = Debug|Any CPU
		Release|Any CPU = Release|Any CPU
	EndGlobalSection
	GlobalSection(ProjectConfigurationPlatforms) = postSolution
		{3B844A51-D1C3-4674-A96C-49224FA0D45F}.Debug|Any CPU.ActiveCfg = Debug|Any CPU
		{3B844A51-D1C3-4674-A96C-49224FA0D45F}.Debug|Any CPU.Build.0 = Debug|Any CPU
		{3B844A51-D1C3-4674-A96C-49224FA0D45F}.Release|Any CPU.ActiveCfg = Release|Any CPU
		{3B844A51-D1C3-4674-A96C-49224FA0D45F}.Release|Any CPU.Build.0 = Release|Any CPU
	EndGlobalSection
	GlobalSection(SolutionProperties) = preSolution
		HideSolutionNode = FALSE
	EndGlobalSection
	GlobalSection(ExtensibilityGlobals) = postSolution
		SolutionGuid = {E06BD9EA-4AB4-4B47-8B30-7C891EE2BC3F}
	EndGlobalSection
EndGlobal
